{
  "name": "sd-online",
  "version": "3.0.0-alpha.45",
  "lockfileVersion": 3,
  "requires": true,
  "packages": {
    "": {
      "name": "sd-online",
      "version": "3.0.0-alpha.45",
      "dependencies": {
        "stripe": "^22.3.0"
      },
      "devDependencies": {
        "@types/node": "^26.0.1",
        "typescript": "^6.0.3"
      },
      "engines": {
        "node": ">=24.0.0"
      }
    },
    "node_modules/@types/node": {
      "version": "26.0.1",
      "resolved": "https://registry.npmjs.org/@types/node/-/node-26.0.1.tgz",
      "integrity": "sha512-fc3KiUoBt6kie0N9bIW3E47vZsuaMf0PM2AaUpLCLT0s/LvX1nxAim6Fc049cNxODPpGm6qRAuUOB86SkRuPQw==",
      "devOptional": true,
      "license": "MIT",
      "peer": true,
      "dependencies": {
        "undici-types": "~8.3.0"
      }
    },
    "node_modules/stripe": {
      "version": "22.3.0",
      "resolved": "https://registry.npmjs.org/stripe/-/stripe-22.3.0.tgz",
      "integrity": "sha512-ypO6xjVrMWs9SmIMeHr8naCx3dAQ0clxMdUTxn7Ejd7hmY9meBGfE+N4pVHkf9sUNebAHp6uJo6mV3GxDIc2cA==",
      "license": "MIT",
      "engines": {
        "node": ">=18"
      },
      "peerDependencies": {
        "@types/node": ">=18"
      },
      "peerDependenciesMeta": {
        "@types/node": {
          "optional": true
        }
      }
    },
    "node_modules/typescript": {
      "version": "6.0.3",
      "resolved": "https://registry.npmjs.org/typescript/-/typescript-6.0.3.tgz",
      "integrity": "sha512-y2TvuxSZPDyQakkFRPZHKFm+KKVqIisdg9/CZwm9ftvKXLP8NRWj38/ODjNbr43SsoXqNuAisEf1GdCxqWcdBw==",
      "dev": true,
      "license": "Apache-2.0",
      "bin": {
        "tsc": "bin/tsc",
        "tsserver": "bin/tsserver"
      },
      "engines": {
        "node": ">=14.17"
      }
    },
    "node_modules/undici-types": {
      "version": "8.3.0",
      "resolved": "https://registry.npmjs.org/undici-types/-/undici-types-8.3.0.tgz",
      "integrity": "sha512-j375ScV60dom+YkPFIfTLcOiPxkN/buHz5GobjLhixFuANaNs3C9l4GmrWqejgXWJ7BbJcFYpTEUkS1Ge8bpZQ==",
      "devOptional": true,
      "license": "MIT"
    }
  }
}
